
Microsoft Visual Studio Solution File, Format Version 12.00
# Visual Studio 14
VisualStudioVersion = 14.0.25420.1
MinimumVisualStudioVersion = 10.0.40219.1
Project("{FAE04EC0-301F-11D3-BF4B-00C04F79EFBC}") = "Application.Marvel.Web", "Application.Marvel.Web\Application.Marvel.Web.csproj", "{A84AC700-FC37-4A1D-856B-4105B9572F91}"
EndProject
Project("{FAE04EC0-301F-11D3-BF4B-00C04F79EFBC}") = "Application.Marvel.UnitTest", "Application.Marvel.UnitTest\Application.Marvel.UnitTest.csproj", "{196C564F-2A2D-4DCC-8A5F-2463EF5A3FE3}"
EndProject
Global
	GlobalSection(SolutionConfigurationPlatforms) = preSolution
		Debug|Any CPU = Debug|Any CPU
		Release|Any CPU = Release|Any CPU
	EndGlobalSection
	GlobalSection(ProjectConfigurationPlatforms) = postSolution
		{A84AC700-FC37-4A1D-856B-4105B9572F91}.Debug|Any CPU.ActiveCfg = Debug|Any CPU
		{A84AC700-FC37-4A1D-856B-4105B9572F91}.Debug|Any CPU.Build.0 = Debug|Any CPU
		{A84AC700-FC37-4A1D-856B-4105B9572F91}.Release|Any CPU.ActiveCfg = Release|Any CPU
		{A84AC700-FC37-4A1D-856B-4105B9572F91}.Release|Any CPU.Build.0 = Release|Any CPU
		{196C564F-2A2D-4DCC-8A5F-2463EF5A3FE3}.Debug|Any CPU.ActiveCfg = Debug|Any CPU
		{196C564F-2A2D-4DCC-8A5F-2463EF5A3FE3}.Debug|Any CPU.Build.0 = Debug|Any CPU
		{196C564F-2A2D-4DCC-8A5F-2463EF5A3FE3}.Release|Any CPU.ActiveCfg = Release|Any CPU
		{196C564F-2A2D-4DCC-8A5F-2463EF5A3FE3}.Release|Any CPU.Build.0 = Release|Any CPU
	EndGlobalSection
	GlobalSection(SolutionProperties) = preSolution
		HideSolutionNode = FALSE
	EndGlobalSection
EndGlobal
